# This file is @generated by PDM.
# It is not intended for manual editing.

[metadata]
groups = ["default"]
strategy = ["cross_platform", "inherit_metadata"]
lock_version = "4.4.1"
content_hash = "sha256:0501597dd4e5a24dc7c829d46d3a6787356a3878980695503e08aac3fb4e502a"

[[package]]
name = "grpcio"
version = "1.64.1"
requires_python = ">=3.8"
summary = "HTTP/2-based RPC framework"
groups = ["default"]
files = [
    {file = "grpcio-1.64.1-cp311-cp311-linux_armv7l.whl", hash = "sha256:58b1041e7c870bb30ee41d3090cbd6f0851f30ae4eb68228955d973d3efa2e61"},
    {file = "grpcio-1.64.1-cp311-cp311-macosx_10_9_universal2.whl", hash = "sha256:bbc5b1d78a7822b0a84c6f8917faa986c1a744e65d762ef6d8be9d75677af2ca"},
    {file = "grpcio-1.64.1-cp311-cp311-manylinux_2_17_aarch64.whl", hash = "sha256:5841dd1f284bd1b3d8a6eca3a7f062b06f1eec09b184397e1d1d43447e89a7ae"},
    {file = "grpcio-1.64.1-cp311-cp311-manylinux_2_17_i686.manylinux2014_i686.whl", hash = "sha256:8caee47e970b92b3dd948371230fcceb80d3f2277b3bf7fbd7c0564e7d39068e"},
    {file = "grpcio-1.64.1-cp311-cp311-manylinux_2_17_x86_64.manylinux2014_x86_64.whl", hash = "sha256:73819689c169417a4f978e562d24f2def2be75739c4bed1992435d007819da1b"},
    {file = "grpcio-1.64.1-cp311-cp311-musllinux_1_1_i686.whl", hash = "sha256:6503b64c8b2dfad299749cad1b595c650c91e5b2c8a1b775380fcf8d2cbba1e9"},
    {file = "grpcio-1.64.1-cp311-cp311-musllinux_1_1_x86_64.whl", hash = "sha256:1de403fc1305fd96cfa75e83be3dee8538f2413a6b1685b8452301c7ba33c294"},
    {file = "grpcio-1.64.1-cp311-cp311-win32.whl", hash = "sha256:d4d29cc612e1332237877dfa7fe687157973aab1d63bd0f84cf06692f04c0367"},
    {file = "grpcio-1.64.1-cp311-cp311-win_amd64.whl", hash = "sha256:5e56462b05a6f860b72f0fa50dca06d5b26543a4e88d0396259a07dc30f4e5aa"},
    {file = "grpcio-1.64.1-cp312-cp312-linux_armv7l.whl", hash = "sha256:4657d24c8063e6095f850b68f2d1ba3b39f2b287a38242dcabc166453e950c59"},
    {file = "grpcio-1.64.1-cp312-cp312-macosx_10_9_universal2.whl", hash = "sha256:62b4e6eb7bf901719fce0ca83e3ed474ae5022bb3827b0a501e056458c51c0a1"},
    {file = "grpcio-1.64.1-cp312-cp312-manylinux_2_17_aarch64.whl", hash = "sha256:ee73a2f5ca4ba44fa33b4d7d2c71e2c8a9e9f78d53f6507ad68e7d2ad5f64a22"},
    {file = "grpcio-1.64.1-cp312-cp312-manylinux_2_17_i686.manylinux2014_i686.whl", hash = "sha256:198908f9b22e2672a998870355e226a725aeab327ac4e6ff3a1399792ece4762"},
    {file = "grpcio-1.64.1-cp312-cp312-manylinux_2_17_x86_64.manylinux2014_x86_64.whl", hash = "sha256:39b9d0acaa8d835a6566c640f48b50054f422d03e77e49716d4c4e8e279665a1"},
    {file = "grpcio-1.64.1-cp312-cp312-musllinux_1_1_i686.whl", hash = "sha256:5e42634a989c3aa6049f132266faf6b949ec2a6f7d302dbb5c15395b77d757eb"},
    {file = "grpcio-1.64.1-cp312-cp312-musllinux_1_1_x86_64.whl", hash = "sha256:b1a82e0b9b3022799c336e1fc0f6210adc019ae84efb7321d668129d28ee1efb"},
    {file = "grpcio-1.64.1-cp312-cp312-win32.whl", hash = "sha256:55260032b95c49bee69a423c2f5365baa9369d2f7d233e933564d8a47b893027"},
    {file = "grpcio-1.64.1-cp312-cp312-win_amd64.whl", hash = "sha256:c1a786ac592b47573a5bb7e35665c08064a5d77ab88a076eec11f8ae86b3e3f6"},
    {file = "grpcio-1.64.1.tar.gz", hash = "sha256:8d51dd1c59d5fa0f34266b80a3805ec29a1f26425c2a54736133f6d87fc4968a"},
]

[[package]]
name = "grpcio-tools"
version = "1.64.1"
requires_python = ">=3.8"
summary = "Protobuf code generator for gRPC"
groups = ["default"]
dependencies = [
    "grpcio>=1.64.1",
    "protobuf<6.0dev,>=5.26.1",
    "setuptools",
]
files = [
    {file = "grpcio_tools-1.64.1-cp311-cp311-linux_armv7l.whl", hash = "sha256:23e6c847647e338b6ed139c7d10ed783dbb37d8ce078ce9ab0a3f7e6a518ff4e"},
    {file = "grpcio_tools-1.64.1-cp311-cp311-macosx_10_9_universal2.whl", hash = "sha256:0a72a2d87529329117fca6493d948489f1963e3f645d27a785a27b54b05c38cb"},
    {file = "grpcio_tools-1.64.1-cp311-cp311-manylinux_2_17_aarch64.whl", hash = "sha256:5532fbac9e1229d3290a512d4253bd311ed742d3b77d634ce7240e97b4af32ac"},
    {file = "grpcio_tools-1.64.1-cp311-cp311-manylinux_2_17_i686.manylinux2014_i686.whl", hash = "sha256:4a75c8f13762dc323b38e8dc7186d80a61c0d1321062850e3056221a4db779a4"},
    {file = "grpcio_tools-1.64.1-cp311-cp311-manylinux_2_17_x86_64.manylinux2014_x86_64.whl", hash = "sha256:a653002b287accf79b0924bb1a76b33ea83774be57cef14e6ec383a965999ad5"},
    {file = "grpcio_tools-1.64.1-cp311-cp311-musllinux_1_1_i686.whl", hash = "sha256:0d3572b62453342f4164cb245c434053c6991ee7bf883eb94f15e45f3121967b"},
    {file = "grpcio_tools-1.64.1-cp311-cp311-musllinux_1_1_x86_64.whl", hash = "sha256:e8ffaa1972e64d968a706c954f6614e718abd10068b107727028ffb9506503d2"},
    {file = "grpcio_tools-1.64.1-cp311-cp311-win32.whl", hash = "sha256:cf3fbad6312bb61f48eab8ae5d2b31dcb007653282d5901982e17111773104e1"},
    {file = "grpcio_tools-1.64.1-cp311-cp311-win_amd64.whl", hash = "sha256:fd4a596ec2b34c8a6b15c6581ef7ea91c9b85f68099004da656db79e5a2b7a8c"},
    {file = "grpcio_tools-1.64.1-cp312-cp312-linux_armv7l.whl", hash = "sha256:acf9a8bce188bb760c138327a89f64be8bbeb062634d151c77bbcd138d60bdc6"},
    {file = "grpcio_tools-1.64.1-cp312-cp312-macosx_10_9_universal2.whl", hash = "sha256:8c7d0633b1177fafaeb76e9b0c7b8b14221eb1086874a79925879b298843f8a0"},
    {file = "grpcio_tools-1.64.1-cp312-cp312-manylinux_2_17_aarch64.whl", hash = "sha256:35efe38dd8cc5e05f44e67bcc2ae40f461862549b5d2590c1b644c5d4d93c390"},
    {file = "grpcio_tools-1.64.1-cp312-cp312-manylinux_2_17_i686.manylinux2014_i686.whl", hash = "sha256:e28cfaede2a243452252c94b72378f1d939b786689cb11d218fdae6a8421940f"},
    {file = "grpcio_tools-1.64.1-cp312-cp312-manylinux_2_17_x86_64.manylinux2014_x86_64.whl", hash = "sha256:6711f3e3fbfae9313e15f9abc47241d881772f3fb4e4d0257918bff24363139e"},
    {file = "grpcio_tools-1.64.1-cp312-cp312-musllinux_1_1_i686.whl", hash = "sha256:be39db97d13f3bd0b2ff9bf8d0e68f590f4877cf2c4db201a2f9d4d39724e137"},
    {file = "grpcio_tools-1.64.1-cp312-cp312-musllinux_1_1_x86_64.whl", hash = "sha256:22efb9a167da6fd051c76f1a00c4275b5d15e8b7842364c84dc4cc88def8fd4c"},
    {file = "grpcio_tools-1.64.1-cp312-cp312-win32.whl", hash = "sha256:d9a470f9e72bccc8994b025fa40cb1a7202db17a5f8e1869f4c2079ded869ac2"},
    {file = "grpcio_tools-1.64.1-cp312-cp312-win_amd64.whl", hash = "sha256:5ecfecf1da38fa9f0f95dd5f3314c04974be5af40264c520fbc1a9f4f5b1acca"},
    {file = "grpcio_tools-1.64.1.tar.gz", hash = "sha256:72b3550b91adb8354656ecf0f6d1d4611299044bae11fb1e7cc1d1bb66b8c1eb"},
]

[[package]]
name = "protobuf"
version = "5.27.1"
requires_python = ">=3.8"
summary = ""
groups = ["default"]
files = [
    {file = "protobuf-5.27.1-cp310-abi3-win32.whl", hash = "sha256:3adc15ec0ff35c5b2d0992f9345b04a540c1e73bfee3ff1643db43cc1d734333"},
    {file = "protobuf-5.27.1-cp310-abi3-win_amd64.whl", hash = "sha256:25236b69ab4ce1bec413fd4b68a15ef8141794427e0b4dc173e9d5d9dffc3bcd"},
    {file = "protobuf-5.27.1-cp38-abi3-macosx_10_9_universal2.whl", hash = "sha256:4e38fc29d7df32e01a41cf118b5a968b1efd46b9c41ff515234e794011c78b17"},
    {file = "protobuf-5.27.1-cp38-abi3-manylinux2014_aarch64.whl", hash = "sha256:917ed03c3eb8a2d51c3496359f5b53b4e4b7e40edfbdd3d3f34336e0eef6825a"},
    {file = "protobuf-5.27.1-cp38-abi3-manylinux2014_x86_64.whl", hash = "sha256:ee52874a9e69a30271649be88ecbe69d374232e8fd0b4e4b0aaaa87f429f1631"},
    {file = "protobuf-5.27.1-py3-none-any.whl", hash = "sha256:4ac7249a1530a2ed50e24201d6630125ced04b30619262f06224616e0030b6cf"},
    {file = "protobuf-5.27.1.tar.gz", hash = "sha256:df5e5b8e39b7d1c25b186ffdf9f44f40f810bbcc9d2b71d9d3156fee5a9adf15"},
]

[[package]]
name = "setuptools"
version = "70.1.0"
requires_python = ">=3.8"
summary = "Easily download, build, install, upgrade, and uninstall Python packages"
groups = ["default"]
files = [
    {file = "setuptools-70.1.0-py3-none-any.whl", hash = "sha256:d9b8b771455a97c8a9f3ab3448ebe0b29b5e105f1228bba41028be116985a267"},
    {file = "setuptools-70.1.0.tar.gz", hash = "sha256:01a1e793faa5bd89abc851fa15d0a0db26f160890c7102cd8dce643e886b47f5"},
]
